
Microsoft Visual Studio Solution File, Format Version 12.00
# Visual Studio Version 17
VisualStudioVersion = 17.7.34202.233
MinimumVisualStudioVersion = 10.0.40219.1
Project("{9A19103F-16F7-4668-BE54-9A1E7A4F7556}") = "InventorySystem", "InventorySystem.csproj", "{694D9709-B674-4397-8B03-D29979272363}"
EndProject
Global
	GlobalSection(SolutionConfigurationPlatforms) = preSolution
		Debug|Any CPU = Debug|Any CPU
		Debug|ARM64 = Debug|ARM64
		Release|Any CPU = Release|Any CPU
		Release|ARM64 = Release|ARM64
	EndGlobalSection
	GlobalSection(ProjectConfigurationPlatforms) = postSolution
		{694D9709-B674-4397-8B03-D29979272363}.Debug|Any CPU.ActiveCfg = Debug|Any CPU
		{694D9709-B674-4397-8B03-D29979272363}.Debug|Any CPU.Build.0 = Debug|Any CPU
		{694D9709-B674-4397-8B03-D29979272363}.Debug|ARM64.ActiveCfg = Debug|ARM64
		{694D9709-B674-4397-8B03-D29979272363}.Debug|ARM64.Build.0 = Debug|ARM64
		{694D9709-B674-4397-8B03-D29979272363}.Release|Any CPU.ActiveCfg = Release|Any CPU
		{694D9709-B674-4397-8B03-D29979272363}.Release|Any CPU.Build.0 = Release|Any CPU
		{694D9709-B674-4397-8B03-D29979272363}.Release|ARM64.ActiveCfg = Release|ARM64
		{694D9709-B674-4397-8B03-D29979272363}.Release|ARM64.Build.0 = Release|ARM64
	EndGlobalSection
	GlobalSection(SolutionProperties) = preSolution
		HideSolutionNode = FALSE
	EndGlobalSection
	GlobalSection(ExtensibilityGlobals) = postSolution
		SolutionGuid = {AFF0AE9F-7A55-411D-8262-04DCA573E36D}
	EndGlobalSection
EndGlobal
